
Microsoft Visual Studio Solution File, Format Version 12.00
# Visual Studio Version 16
VisualStudioVersion = 16.0.808.3
MinimumVisualStudioVersion = 10.0.40219.1
Project("{FAE04EC0-301F-11D3-BF4B-00C04F79EFBC}") = "SeatingMapp", "SeatingMapp.csproj", "{2CD7C666-F055-4728-BF93-E91FD2CD0A07}"
EndProject
Global
	GlobalSection(SolutionConfigurationPlatforms) = preSolution
		Debug|Any CPU = Debug|Any CPU
		Release|Any CPU = Release|Any CPU
	EndGlobalSection
	GlobalSection(ProjectConfigurationPlatforms) = postSolution
		{2CD7C666-F055-4728-BF93-E91FD2CD0A07}.Debug|Any CPU.ActiveCfg = Debug|Any CPU
		{2CD7C666-F055-4728-BF93-E91FD2CD0A07}.Debug|Any CPU.Build.0 = Debug|Any CPU
		{2CD7C666-F055-4728-BF93-E91FD2CD0A07}.Release|Any CPU.ActiveCfg = Release|Any CPU
		{2CD7C666-F055-4728-BF93-E91FD2CD0A07}.Release|Any CPU.Build.0 = Release|Any CPU
	EndGlobalSection
	GlobalSection(SolutionProperties) = preSolution
		HideSolutionNode = FALSE
	EndGlobalSection
	GlobalSection(ExtensibilityGlobals) = postSolution
		SolutionGuid = {E8B598C8-F5B3-4C86-A350-597E293E0489}
	EndGlobalSection
EndGlobal
